Microsoft Visual Studio Solution File, Format Version 12.00
# Visual Studio 2012
Project("{FAE04EC0-301F-11D3-BF4B-00C04F79EFBC}") = "GalaxyTest", "GalaxyTest.csproj", "{48840733-7901-489A-8EDF-0D1436D3B7BD}"
EndProject
Global
	GlobalSection(SolutionConfigurationPlatforms) = preSolution
	Debug|Any CPU = Debug|Any CPU
	ExportDebug|Any CPU = ExportDebug|Any CPU
	ExportRelease|Any CPU = ExportRelease|Any CPU
	EndGlobalSection
	GlobalSection(ProjectConfigurationPlatforms) = postSolution
		{48840733-7901-489A-8EDF-0D1436D3B7BD}.Debug|Any CPU.ActiveCfg = Debug|Any CPU
		{48840733-7901-489A-8EDF-0D1436D3B7BD}.Debug|Any CPU.Build.0 = Debug|Any CPU
		{48840733-7901-489A-8EDF-0D1436D3B7BD}.ExportDebug|Any CPU.ActiveCfg = ExportDebug|Any CPU
		{48840733-7901-489A-8EDF-0D1436D3B7BD}.ExportDebug|Any CPU.Build.0 = ExportDebug|Any CPU
		{48840733-7901-489A-8EDF-0D1436D3B7BD}.ExportRelease|Any CPU.ActiveCfg = ExportRelease|Any CPU
		{48840733-7901-489A-8EDF-0D1436D3B7BD}.ExportRelease|Any CPU.Build.0 = ExportRelease|Any CPU
	EndGlobalSection
EndGlobal
